
Microsoft Visual Studio Solution File, Format Version 10.00
# Visual Studio 2008
Project("{8BC9CEB8-8B4A-11D0-8D11-00A0C91BC942}") = "liblmie", "liblmie\liblmie.vcproj", "{AA559AAF-28C3-4002-AB65-24D0ED9190EC}"
EndProject
Project("{8BC9CEB8-8B4A-11D0-8D11-00A0C91BC942}") = "liblmie_interfaces", "liblmie_interfaces\liblmie_interfaces.vcproj", "{0A2AB334-937B-4F7B-AEC7-5B4E9136C1E1}"
EndProject
Project("{6989167D-11E4-40FE-8C1A-2192A86A7E90}") = "liblmie_interfaces_f", "liblmie_interfaces_f\liblmie_interfaces_f.vfproj", "{9E606BE3-3FCE-49DE-A8BD-1C3C5DBC8E15}"
EndProject
Project("{8BC9CEB8-8B4A-11D0-8D11-00A0C91BC942}") = "liblmie_misc", "liblmie_misc\liblmie_misc.vcproj", "{37BB8F6C-0EF2-4625-85AC-E051D036B5BB}"
EndProject
Project("{8BC9CEB8-8B4A-11D0-8D11-00A0C91BC942}") = "calllmie", "calllmie\calllmie.vcproj", "{0F2C290A-9192-424A-BF1D-8E6F9CD4EC08}"
	ProjectSection(ProjectDependencies) = postProject
		{AA559AAF-28C3-4002-AB65-24D0ED9190EC} = {AA559AAF-28C3-4002-AB65-24D0ED9190EC}
		{37BB8F6C-0EF2-4625-85AC-E051D036B5BB} = {37BB8F6C-0EF2-4625-85AC-E051D036B5BB}
	EndProjectSection
EndProject
Project("{8BC9CEB8-8B4A-11D0-8D11-00A0C91BC942}") = "example_c", "example_c\example_c.vcproj", "{15CB5EE7-4705-4DF2-898A-3E7BEE76D1EC}"
	ProjectSection(ProjectDependencies) = postProject
		{AA559AAF-28C3-4002-AB65-24D0ED9190EC} = {AA559AAF-28C3-4002-AB65-24D0ED9190EC}
		{37BB8F6C-0EF2-4625-85AC-E051D036B5BB} = {37BB8F6C-0EF2-4625-85AC-E051D036B5BB}
	EndProjectSection
EndProject
Project("{6989167D-11E4-40FE-8C1A-2192A86A7E90}") = "example_f77", "example_f77\example_f77.vfproj", "{1B94059C-2AFA-4D98-87A9-B36BF93F055A}"
	ProjectSection(ProjectDependencies) = postProject
		{AA559AAF-28C3-4002-AB65-24D0ED9190EC} = {AA559AAF-28C3-4002-AB65-24D0ED9190EC}
		{0A2AB334-937B-4F7B-AEC7-5B4E9136C1E1} = {0A2AB334-937B-4F7B-AEC7-5B4E9136C1E1}
		{9E606BE3-3FCE-49DE-A8BD-1C3C5DBC8E15} = {9E606BE3-3FCE-49DE-A8BD-1C3C5DBC8E15}
		{37BB8F6C-0EF2-4625-85AC-E051D036B5BB} = {37BB8F6C-0EF2-4625-85AC-E051D036B5BB}
	EndProjectSection
EndProject
Project("{6989167D-11E4-40FE-8C1A-2192A86A7E90}") = "example_f90", "example_f90\example_f90.vfproj", "{9A1213CE-6F52-42F6-BA97-829BB6D27F71}"
	ProjectSection(ProjectDependencies) = postProject
		{AA559AAF-28C3-4002-AB65-24D0ED9190EC} = {AA559AAF-28C3-4002-AB65-24D0ED9190EC}
		{0A2AB334-937B-4F7B-AEC7-5B4E9136C1E1} = {0A2AB334-937B-4F7B-AEC7-5B4E9136C1E1}
		{9E606BE3-3FCE-49DE-A8BD-1C3C5DBC8E15} = {9E606BE3-3FCE-49DE-A8BD-1C3C5DBC8E15}
		{37BB8F6C-0EF2-4625-85AC-E051D036B5BB} = {37BB8F6C-0EF2-4625-85AC-E051D036B5BB}
	EndProjectSection
EndProject
Global
	GlobalSection(SolutionConfigurationPlatforms) = preSolution
		Debug|Win32 = Debug|Win32
		Release|Win32 = Release|Win32
	EndGlobalSection
	GlobalSection(ProjectConfigurationPlatforms) = postSolution
		{AA559AAF-28C3-4002-AB65-24D0ED9190EC}.Debug|Win32.ActiveCfg = Debug|Win32
		{AA559AAF-28C3-4002-AB65-24D0ED9190EC}.Debug|Win32.Build.0 = Debug|Win32
		{AA559AAF-28C3-4002-AB65-24D0ED9190EC}.Release|Win32.ActiveCfg = Release|Win32
		{AA559AAF-28C3-4002-AB65-24D0ED9190EC}.Release|Win32.Build.0 = Release|Win32
		{0A2AB334-937B-4F7B-AEC7-5B4E9136C1E1}.Debug|Win32.ActiveCfg = Debug|Win32
		{0A2AB334-937B-4F7B-AEC7-5B4E9136C1E1}.Debug|Win32.Build.0 = Debug|Win32
		{0A2AB334-937B-4F7B-AEC7-5B4E9136C1E1}.Release|Win32.ActiveCfg = Release|Win32
		{0A2AB334-937B-4F7B-AEC7-5B4E9136C1E1}.Release|Win32.Build.0 = Release|Win32
		{9E606BE3-3FCE-49DE-A8BD-1C3C5DBC8E15}.Debug|Win32.ActiveCfg = Debug|Win32
		{9E606BE3-3FCE-49DE-A8BD-1C3C5DBC8E15}.Debug|Win32.Build.0 = Debug|Win32
		{9E606BE3-3FCE-49DE-A8BD-1C3C5DBC8E15}.Release|Win32.ActiveCfg = Release|Win32
		{9E606BE3-3FCE-49DE-A8BD-1C3C5DBC8E15}.Release|Win32.Build.0 = Release|Win32
		{37BB8F6C-0EF2-4625-85AC-E051D036B5BB}.Debug|Win32.ActiveCfg = Debug|Win32
		{37BB8F6C-0EF2-4625-85AC-E051D036B5BB}.Debug|Win32.Build.0 = Debug|Win32
		{37BB8F6C-0EF2-4625-85AC-E051D036B5BB}.Release|Win32.ActiveCfg = Release|Win32
		{37BB8F6C-0EF2-4625-85AC-E051D036B5BB}.Release|Win32.Build.0 = Release|Win32
		{0F2C290A-9192-424A-BF1D-8E6F9CD4EC08}.Debug|Win32.ActiveCfg = Debug|Win32
		{0F2C290A-9192-424A-BF1D-8E6F9CD4EC08}.Debug|Win32.Build.0 = Debug|Win32
		{0F2C290A-9192-424A-BF1D-8E6F9CD4EC08}.Release|Win32.ActiveCfg = Release|Win32
		{0F2C290A-9192-424A-BF1D-8E6F9CD4EC08}.Release|Win32.Build.0 = Release|Win32
		{15CB5EE7-4705-4DF2-898A-3E7BEE76D1EC}.Debug|Win32.ActiveCfg = Debug|Win32
		{15CB5EE7-4705-4DF2-898A-3E7BEE76D1EC}.Debug|Win32.Build.0 = Debug|Win32
		{15CB5EE7-4705-4DF2-898A-3E7BEE76D1EC}.Release|Win32.ActiveCfg = Release|Win32
		{15CB5EE7-4705-4DF2-898A-3E7BEE76D1EC}.Release|Win32.Build.0 = Release|Win32
		{1B94059C-2AFA-4D98-87A9-B36BF93F055A}.Debug|Win32.ActiveCfg = Debug|Win32
		{1B94059C-2AFA-4D98-87A9-B36BF93F055A}.Debug|Win32.Build.0 = Debug|Win32
		{1B94059C-2AFA-4D98-87A9-B36BF93F055A}.Release|Win32.ActiveCfg = Release|Win32
		{1B94059C-2AFA-4D98-87A9-B36BF93F055A}.Release|Win32.Build.0 = Release|Win32
		{9A1213CE-6F52-42F6-BA97-829BB6D27F71}.Debug|Win32.ActiveCfg = Debug|Win32
		{9A1213CE-6F52-42F6-BA97-829BB6D27F71}.Debug|Win32.Build.0 = Debug|Win32
		{9A1213CE-6F52-42F6-BA97-829BB6D27F71}.Release|Win32.ActiveCfg = Release|Win32
		{9A1213CE-6F52-42F6-BA97-829BB6D27F71}.Release|Win32.Build.0 = Release|Win32
	EndGlobalSection
	GlobalSection(SolutionProperties) = preSolution
		HideSolutionNode = FALSE
	EndGlobalSection
EndGlobal
